
Microsoft Visual Studio Solution File, Format Version 12.00
# Visual Studio 15
Project("{FAE04EC0-301F-11D3-BF4B-00C04F79EFBC}") = "UnityEngine.TestRunner", "UnityEngine.TestRunner.csproj", "{57298160-103F-0437-D2A6-1A825903E4C9}"
EndProject
Project("{FAE04EC0-301F-11D3-BF4B-00C04F79EFBC}") = "UnityEngine.UI", "UnityEngine.UI.csproj", "{CAD176AA-4CFD-13C9-82CB-1EFAD97CFB76}"
EndProject
Project("{FAE04EC0-301F-11D3-BF4B-00C04F79EFBC}") = "Unity.VisualScripting.Flow", "Unity.VisualScripting.Flow.csproj", "{7622E503-AEAD-AA95-31AF-58581E14CD38}"
EndProject
Project("{FAE04EC0-301F-11D3-BF4B-00C04F79EFBC}") = "Unity.Services.Core.Telemetry", "Unity.Services.Core.Telemetry.csproj", "{2390C0ED-C5F4-5579-3621-544E2506B1D3}"
EndProject
Project("{FAE04EC0-301F-11D3-BF4B-00C04F79EFBC}") = "Unity.VisualScripting.State", "Unity.VisualScripting.State.csproj", "{FF156A20-88D5-2D55-BB93-2C61D145516A}"
EndProject
Project("{FAE04EC0-301F-11D3-BF4B-00C04F79EFBC}") = "Unity.VisualScripting.Core", "Unity.VisualScripting.Core.csproj", "{173480BE-CA79-50EA-73CB-FA90F75A2063}"
EndProject
Project("{FAE04EC0-301F-11D3-BF4B-00C04F79EFBC}") = "Assembly-CSharp", "Assembly-CSharp.csproj", "{64BCA7E1-E410-6A31-FE2D-3908EC4136C6}"
EndProject
Project("{FAE04EC0-301F-11D3-BF4B-00C04F79EFBC}") = "Unity.Services.Core.Environments.Internal", "Unity.Services.Core.Environments.Internal.csproj", "{02A9A903-6AC9-35FC-0B80-074953D507B4}"
EndProject
Project("{FAE04EC0-301F-11D3-BF4B-00C04F79EFBC}") = "Unity.TextMeshPro", "Unity.TextMeshPro.csproj", "{EC03708C-9AFA-E08B-E32E-6CA882B2457B}"
EndProject
Project("{FAE04EC0-301F-11D3-BF4B-00C04F79EFBC}") = "Unity.Timeline", "Unity.Timeline.csproj", "{7E3B2614-4075-73F0-01AC-402320B7C7D4}"
EndProject
Project("{FAE04EC0-301F-11D3-BF4B-00C04F79EFBC}") = "Unity.Services.Core.Environments", "Unity.Services.Core.Environments.csproj", "{2726703D-4033-F08A-3D65-576E027CFF46}"
EndProject
Project("{FAE04EC0-301F-11D3-BF4B-00C04F79EFBC}") = "Unity.Services.Core.Internal", "Unity.Services.Core.Internal.csproj", "{20AC1685-EBE6-B039-12A5-82B982DC600B}"
EndProject
Project("{FAE04EC0-301F-11D3-BF4B-00C04F79EFBC}") = "Unity.Services.Core.Analytics", "Unity.Services.Core.Analytics.csproj", "{013447D3-A13C-6969-70D5-7FB44824C829}"
EndProject
Project("{FAE04EC0-301F-11D3-BF4B-00C04F79EFBC}") = "Unity.Services.Core.Scheduler", "Unity.Services.Core.Scheduler.csproj", "{06AD7CB3-A61F-1F15-8957-7261494DDAF0}"
EndProject
Project("{FAE04EC0-301F-11D3-BF4B-00C04F79EFBC}") = "Unity.Services.Core.Registration", "Unity.Services.Core.Registration.csproj", "{3BF7B006-1BCC-37E5-BBDE-BECA7366051B}"
EndProject
Project("{FAE04EC0-301F-11D3-BF4B-00C04F79EFBC}") = "Unity.Services.Core.Device", "Unity.Services.Core.Device.csproj", "{F7E395BA-268C-E312-E635-EBF9B0373E71}"
EndProject
Project("{FAE04EC0-301F-11D3-BF4B-00C04F79EFBC}") = "Unity.Services.Core.Threading", "Unity.Services.Core.Threading.csproj", "{360B5785-9909-04A3-4997-FFE1BE6EF524}"
EndProject
Project("{FAE04EC0-301F-11D3-BF4B-00C04F79EFBC}") = "Unity.Services.Core.Networking", "Unity.Services.Core.Networking.csproj", "{ECE937F3-A374-6DF2-6489-A46BCD7B5C90}"
EndProject
Project("{FAE04EC0-301F-11D3-BF4B-00C04F79EFBC}") = "Unity.Services.Core", "Unity.Services.Core.csproj", "{DA9E5018-40DA-D72E-86AC-F99F7BFF5A11}"
EndProject
Project("{FAE04EC0-301F-11D3-BF4B-00C04F79EFBC}") = "Fusion.Addressables", "Fusion.Addressables.csproj", "{2DF7AA78-82A3-C8E3-06AD-8C1B6136984D}"
EndProject
Project("{FAE04EC0-301F-11D3-BF4B-00C04F79EFBC}") = "Unity.Services.Core.Configuration", "Unity.Services.Core.Configuration.csproj", "{759850E0-FC07-DBA7-1D6D-A6B3C28B0D42}"
EndProject
Project("{FAE04EC0-301F-11D3-BF4B-00C04F79EFBC}") = "Unity.PlasticSCM.Editor", "Unity.PlasticSCM.Editor.csproj", "{6266CA6E-618C-265D-D775-9FB7E270614D}"
EndProject
Project("{FAE04EC0-301F-11D3-BF4B-00C04F79EFBC}") = "Unity.VisualScripting.Core.Editor", "Unity.VisualScripting.Core.Editor.csproj", "{726DD5E2-1751-ECD4-EB3C-46F42D160779}"
EndProject
Project("{FAE04EC0-301F-11D3-BF4B-00C04F79EFBC}") = "Unity.VisualScripting.Flow.Editor", "Unity.VisualScripting.Flow.Editor.csproj", "{A1E89EB2-CBAE-A2B4-C126-EB0D39982443}"
EndProject
Project("{FAE04EC0-301F-11D3-BF4B-00C04F79EFBC}") = "Unity.VisualStudio.Editor", "Unity.VisualStudio.Editor.csproj", "{AF185DDC-602F-7E6A-CF5F-ACBD3D1A6D93}"
EndProject
Project("{FAE04EC0-301F-11D3-BF4B-00C04F79EFBC}") = "Unity.Timeline.Editor", "Unity.Timeline.Editor.csproj", "{B7D9615E-B37F-63E3-C89D-4DB2F0E59504}"
EndProject
Project("{FAE04EC0-301F-11D3-BF4B-00C04F79EFBC}") = "Unity.VisualScripting.State.Editor", "Unity.VisualScripting.State.Editor.csproj", "{B6B9C824-10C6-37A1-C3B6-502A2BEED953}"
EndProject
Project("{FAE04EC0-301F-11D3-BF4B-00C04F79EFBC}") = "Unity.TextMeshPro.Editor", "Unity.TextMeshPro.Editor.csproj", "{BD7C00D8-5278-B8ED-6D24-FDE94BC6AB53}"
EndProject
Project("{FAE04EC0-301F-11D3-BF4B-00C04F79EFBC}") = "Unity.VisualScripting.SettingsProvider.Editor", "Unity.VisualScripting.SettingsProvider.Editor.csproj", "{3B08AC61-ED88-697A-2488-6D4318BE54F5}"
EndProject
Project("{FAE04EC0-301F-11D3-BF4B-00C04F79EFBC}") = "Unity.CollabProxy.Editor", "Unity.CollabProxy.Editor.csproj", "{12412C97-0BDE-FFC2-91C3-FEB567580246}"
EndProject
Project("{FAE04EC0-301F-11D3-BF4B-00C04F79EFBC}") = "UnityEditor.TestRunner", "UnityEditor.TestRunner.csproj", "{B60E267A-5896-E333-283A-1A4E49990AE3}"
EndProject
Project("{FAE04EC0-301F-11D3-BF4B-00C04F79EFBC}") = "Unity.Services.Core.Editor", "Unity.Services.Core.Editor.csproj", "{78D4DE50-FBF8-AA54-D309-DE3668AB05A4}"
EndProject
Project("{FAE04EC0-301F-11D3-BF4B-00C04F79EFBC}") = "Unity.TestTools.CodeCoverage.Editor", "Unity.TestTools.CodeCoverage.Editor.csproj", "{5A0E3251-6003-8D0A-BD78-10577BFB74F8}"
EndProject
Project("{FAE04EC0-301F-11D3-BF4B-00C04F79EFBC}") = "ParrelSync", "ParrelSync.csproj", "{96DD04C7-906F-BB4D-38BE-C986D5AFD5A7}"
EndProject
Project("{FAE04EC0-301F-11D3-BF4B-00C04F79EFBC}") = "Unity.Rider.Editor", "Unity.Rider.Editor.csproj", "{C5F601CB-52E2-75BC-A9FB-743FAC3C407F}"
EndProject
Project("{FAE04EC0-301F-11D3-BF4B-00C04F79EFBC}") = "Unity.Performance.Profile-Analyzer.Editor", "Unity.Performance.Profile-Analyzer.Editor.csproj", "{58321E7F-E6DE-161D-070E-A306BB883946}"
EndProject
Project("{FAE04EC0-301F-11D3-BF4B-00C04F79EFBC}") = "Unity.VSCode.Editor", "Unity.VSCode.Editor.csproj", "{AC774822-0743-4BA1-CEEA-34DCD933EAE9}"
EndProject
Project("{FAE04EC0-301F-11D3-BF4B-00C04F79EFBC}") = "UnityEditor.UI", "UnityEditor.UI.csproj", "{119F1A2F-8B1C-9F7A-24CE-486866618535}"
EndProject
Project("{FAE04EC0-301F-11D3-BF4B-00C04F79EFBC}") = "Unity.TestTools.CodeCoverage.Editor.OpenCover.Model", "Unity.TestTools.CodeCoverage.Editor.OpenCover.Model.csproj", "{75C30257-4830-8816-6E1E-195FC1766538}"
EndProject
Project("{FAE04EC0-301F-11D3-BF4B-00C04F79EFBC}") = "Unity.EditorCoroutines.Editor", "Unity.EditorCoroutines.Editor.csproj", "{E2CB6B96-8F37-C02C-3D89-0BC65CC9A48F}"
EndProject
Project("{FAE04EC0-301F-11D3-BF4B-00C04F79EFBC}") = "Unity.Settings.Editor", "Unity.Settings.Editor.csproj", "{4CA8B8C0-0684-F0FD-37F5-3CAB0357B2F1}"
EndProject
Project("{FAE04EC0-301F-11D3-BF4B-00C04F79EFBC}") = "Unity.Services.Core.Configuration.Editor", "Unity.Services.Core.Configuration.Editor.csproj", "{5932285A-A764-5F3A-376A-E398C0E5B6E8}"
EndProject
Project("{FAE04EC0-301F-11D3-BF4B-00C04F79EFBC}") = "Unity.Fusion.CodeGen", "Unity.Fusion.CodeGen.csproj", "{3E23C856-639F-1A88-D53E-A891B94A332F}"
EndProject
Project("{FAE04EC0-301F-11D3-BF4B-00C04F79EFBC}") = "Fusion.Editor", "Fusion.Editor.csproj", "{BF9FB854-07B9-F2D2-2BD0-8BD52A51941E}"
EndProject
Project("{FAE04EC0-301F-11D3-BF4B-00C04F79EFBC}") = "Unity.TestTools.CodeCoverage.Editor.OpenCover.Mono.Reflection", "Unity.TestTools.CodeCoverage.Editor.OpenCover.Mono.Reflection.csproj", "{5363B867-68C0-DD21-471C-90A2864B921C}"
EndProject
Project("{FAE04EC0-301F-11D3-BF4B-00C04F79EFBC}") = "Unity.VisualScripting.Shared.Editor", "Unity.VisualScripting.Shared.Editor.csproj", "{81B9D989-2BE0-A7F6-B602-5DD2BBA706C9}"
EndProject
Project("{FAE04EC0-301F-11D3-BF4B-00C04F79EFBC}") = "Assembly-CSharp-Editor", "Assembly-CSharp-Editor.csproj", "{D19C6A9E-7FDE-5365-E965-53A0E96BD085}"
EndProject
Global
	GlobalSection(SolutionConfigurationPlatforms) = preSolution
		Debug|Any CPU = Debug|Any CPU
		Release|Any CPU = Release|Any CPU
	EndGlobalSection
	GlobalSection(ProjectConfigurationPlatforms) = postSolution
		{57298160-103F-0437-D2A6-1A825903E4C9}.Debug|Any CPU.ActiveCfg = Debug|Any CPU
		{57298160-103F-0437-D2A6-1A825903E4C9}.Debug|Any CPU.Build.0 = Debug|Any CPU
		{57298160-103F-0437-D2A6-1A825903E4C9}.Release|Any CPU.ActiveCfg = Release|Any CPU
		{57298160-103F-0437-D2A6-1A825903E4C9}.Release|Any CPU.Build.0 = Release|Any CPU
		{CAD176AA-4CFD-13C9-82CB-1EFAD97CFB76}.Debug|Any CPU.ActiveCfg = Debug|Any CPU
		{CAD176AA-4CFD-13C9-82CB-1EFAD97CFB76}.Debug|Any CPU.Build.0 = Debug|Any CPU
		{CAD176AA-4CFD-13C9-82CB-1EFAD97CFB76}.Release|Any CPU.ActiveCfg = Release|Any CPU
		{CAD176AA-4CFD-13C9-82CB-1EFAD97CFB76}.Release|Any CPU.Build.0 = Release|Any CPU
		{7622E503-AEAD-AA95-31AF-58581E14CD38}.Debug|Any CPU.ActiveCfg = Debug|Any CPU
		{7622E503-AEAD-AA95-31AF-58581E14CD38}.Debug|Any CPU.Build.0 = Debug|Any CPU
		{7622E503-AEAD-AA95-31AF-58581E14CD38}.Release|Any CPU.ActiveCfg = Release|Any CPU
		{7622E503-AEAD-AA95-31AF-58581E14CD38}.Release|Any CPU.Build.0 = Release|Any CPU
		{2390C0ED-C5F4-5579-3621-544E2506B1D3}.Debug|Any CPU.ActiveCfg = Debug|Any CPU
		{2390C0ED-C5F4-5579-3621-544E2506B1D3}.Debug|Any CPU.Build.0 = Debug|Any CPU
		{2390C0ED-C5F4-5579-3621-544E2506B1D3}.Release|Any CPU.ActiveCfg = Release|Any CPU
		{2390C0ED-C5F4-5579-3621-544E2506B1D3}.Release|Any CPU.Build.0 = Release|Any CPU
		{FF156A20-88D5-2D55-BB93-2C61D145516A}.Debug|Any CPU.ActiveCfg = Debug|Any CPU
		{FF156A20-88D5-2D55-BB93-2C61D145516A}.Debug|Any CPU.Build.0 = Debug|Any CPU
		{FF156A20-88D5-2D55-BB93-2C61D145516A}.Release|Any CPU.ActiveCfg = Release|Any CPU
		{FF156A20-88D5-2D55-BB93-2C61D145516A}.Release|Any CPU.Build.0 = Release|Any CPU
		{173480BE-CA79-50EA-73CB-FA90F75A2063}.Debug|Any CPU.ActiveCfg = Debug|Any CPU
		{173480BE-CA79-50EA-73CB-FA90F75A2063}.Debug|Any CPU.Build.0 = Debug|Any CPU
		{173480BE-CA79-50EA-73CB-FA90F75A2063}.Release|Any CPU.ActiveCfg = Release|Any CPU
		{173480BE-CA79-50EA-73CB-FA90F75A2063}.Release|Any CPU.Build.0 = Release|Any CPU
		{64BCA7E1-E410-6A31-FE2D-3908EC4136C6}.Debug|Any CPU.ActiveCfg = Debug|Any CPU
		{64BCA7E1-E410-6A31-FE2D-3908EC4136C6}.Debug|Any CPU.Build.0 = Debug|Any CPU
		{64BCA7E1-E410-6A31-FE2D-3908EC4136C6}.Release|Any CPU.ActiveCfg = Release|Any CPU
		{64BCA7E1-E410-6A31-FE2D-3908EC4136C6}.Release|Any CPU.Build.0 = Release|Any CPU
		{02A9A903-6AC9-35FC-0B80-074953D507B4}.Debug|Any CPU.ActiveCfg = Debug|Any CPU
		{02A9A903-6AC9-35FC-0B80-074953D507B4}.Debug|Any CPU.Build.0 = Debug|Any CPU
		{02A9A903-6AC9-35FC-0B80-074953D507B4}.Release|Any CPU.ActiveCfg = Release|Any CPU
		{02A9A903-6AC9-35FC-0B80-074953D507B4}.Release|Any CPU.Build.0 = Release|Any CPU
		{EC03708C-9AFA-E08B-E32E-6CA882B2457B}.Debug|Any CPU.ActiveCfg = Debug|Any CPU
		{EC03708C-9AFA-E08B-E32E-6CA882B2457B}.Debug|Any CPU.Build.0 = Debug|Any CPU
		{EC03708C-9AFA-E08B-E32E-6CA882B2457B}.Release|Any CPU.ActiveCfg = Release|Any CPU
		{EC03708C-9AFA-E08B-E32E-6CA882B2457B}.Release|Any CPU.Build.0 = Release|Any CPU
		{7E3B2614-4075-73F0-01AC-402320B7C7D4}.Debug|Any CPU.ActiveCfg = Debug|Any CPU
		{7E3B2614-4075-73F0-01AC-402320B7C7D4}.Debug|Any CPU.Build.0 = Debug|Any CPU
		{7E3B2614-4075-73F0-01AC-402320B7C7D4}.Release|Any CPU.ActiveCfg = Release|Any CPU
		{7E3B2614-4075-73F0-01AC-402320B7C7D4}.Release|Any CPU.Build.0 = Release|Any CPU
		{2726703D-4033-F08A-3D65-576E027CFF46}.Debug|Any CPU.ActiveCfg = Debug|Any CPU
		{2726703D-4033-F08A-3D65-576E027CFF46}.Debug|Any CPU.Build.0 = Debug|Any CPU
		{2726703D-4033-F08A-3D65-576E027CFF46}.Release|Any CPU.ActiveCfg = Release|Any CPU
		{2726703D-4033-F08A-3D65-576E027CFF46}.Release|Any CPU.Build.0 = Release|Any CPU
		{20AC1685-EBE6-B039-12A5-82B982DC600B}.Debug|Any CPU.ActiveCfg = Debug|Any CPU
		{20AC1685-EBE6-B039-12A5-82B982DC600B}.Debug|Any CPU.Build.0 = Debug|Any CPU
		{20AC1685-EBE6-B039-12A5-82B982DC600B}.Release|Any CPU.ActiveCfg = Release|Any CPU
		{20AC1685-EBE6-B039-12A5-82B982DC600B}.Release|Any CPU.Build.0 = Release|Any CPU
		{013447D3-A13C-6969-70D5-7FB44824C829}.Debug|Any CPU.ActiveCfg = Debug|Any CPU
		{013447D3-A13C-6969-70D5-7FB44824C829}.Debug|Any CPU.Build.0 = Debug|Any CPU
		{013447D3-A13C-6969-70D5-7FB44824C829}.Release|Any CPU.ActiveCfg = Release|Any CPU
		{013447D3-A13C-6969-70D5-7FB44824C829}.Release|Any CPU.Build.0 = Release|Any CPU
		{06AD7CB3-A61F-1F15-8957-7261494DDAF0}.Debug|Any CPU.ActiveCfg = Debug|Any CPU
		{06AD7CB3-A61F-1F15-8957-7261494DDAF0}.Debug|Any CPU.Build.0 = Debug|Any CPU
		{06AD7CB3-A61F-1F15-8957-7261494DDAF0}.Release|Any CPU.ActiveCfg = Release|Any CPU
		{06AD7CB3-A61F-1F15-8957-7261494DDAF0}.Release|Any CPU.Build.0 = Release|Any CPU
		{3BF7B006-1BCC-37E5-BBDE-BECA7366051B}.Debug|Any CPU.ActiveCfg = Debug|Any CPU
		{3BF7B006-1BCC-37E5-BBDE-BECA7366051B}.Debug|Any CPU.Build.0 = Debug|Any CPU
		{3BF7B006-1BCC-37E5-BBDE-BECA7366051B}.Release|Any CPU.ActiveCfg = Release|Any CPU
		{3BF7B006-1BCC-37E5-BBDE-BECA7366051B}.Release|Any CPU.Build.0 = Release|Any CPU
		{F7E395BA-268C-E312-E635-EBF9B0373E71}.Debug|Any CPU.ActiveCfg = Debug|Any CPU
		{F7E395BA-268C-E312-E635-EBF9B0373E71}.Debug|Any CPU.Build.0 = Debug|Any CPU
		{F7E395BA-268C-E312-E635-EBF9B0373E71}.Release|Any CPU.ActiveCfg = Release|Any CPU
		{F7E395BA-268C-E312-E635-EBF9B0373E71}.Release|Any CPU.Build.0 = Release|Any CPU
		{360B5785-9909-04A3-4997-FFE1BE6EF524}.Debug|Any CPU.ActiveCfg = Debug|Any CPU
		{360B5785-9909-04A3-4997-FFE1BE6EF524}.Debug|Any CPU.Build.0 = Debug|Any CPU
		{360B5785-9909-04A3-4997-FFE1BE6EF524}.Release|Any CPU.ActiveCfg = Release|Any CPU
		{360B5785-9909-04A3-4997-FFE1BE6EF524}.Release|Any CPU.Build.0 = Release|Any CPU
		{ECE937F3-A374-6DF2-6489-A46BCD7B5C90}.Debug|Any CPU.ActiveCfg = Debug|Any CPU
		{ECE937F3-A374-6DF2-6489-A46BCD7B5C90}.Debug|Any CPU.Build.0 = Debug|Any CPU
		{ECE937F3-A374-6DF2-6489-A46BCD7B5C90}.Release|Any CPU.ActiveCfg = Release|Any CPU
		{ECE937F3-A374-6DF2-6489-A46BCD7B5C90}.Release|Any CPU.Build.0 = Release|Any CPU
		{DA9E5018-40DA-D72E-86AC-F99F7BFF5A11}.Debug|Any CPU.ActiveCfg = Debug|Any CPU
		{DA9E5018-40DA-D72E-86AC-F99F7BFF5A11}.Debug|Any CPU.Build.0 = Debug|Any CPU
		{DA9E5018-40DA-D72E-86AC-F99F7BFF5A11}.Release|Any CPU.ActiveCfg = Release|Any CPU
		{DA9E5018-40DA-D72E-86AC-F99F7BFF5A11}.Release|Any CPU.Build.0 = Release|Any CPU
		{2DF7AA78-82A3-C8E3-06AD-8C1B6136984D}.Debug|Any CPU.ActiveCfg = Debug|Any CPU
		{2DF7AA78-82A3-C8E3-06AD-8C1B6136984D}.Debug|Any CPU.Build.0 = Debug|Any CPU
		{2DF7AA78-82A3-C8E3-06AD-8C1B6136984D}.Release|Any CPU.ActiveCfg = Release|Any CPU
		{2DF7AA78-82A3-C8E3-06AD-8C1B6136984D}.Release|Any CPU.Build.0 = Release|Any CPU
		{759850E0-FC07-DBA7-1D6D-A6B3C28B0D42}.Debug|Any CPU.ActiveCfg = Debug|Any CPU
		{759850E0-FC07-DBA7-1D6D-A6B3C28B0D42}.Debug|Any CPU.Build.0 = Debug|Any CPU
		{759850E0-FC07-DBA7-1D6D-A6B3C28B0D42}.Release|Any CPU.ActiveCfg = Release|Any CPU
		{759850E0-FC07-DBA7-1D6D-A6B3C28B0D42}.Release|Any CPU.Build.0 = Release|Any CPU
		{6266CA6E-618C-265D-D775-9FB7E270614D}.Debug|Any CPU.ActiveCfg = Debug|Any CPU
		{6266CA6E-618C-265D-D775-9FB7E270614D}.Debug|Any CPU.Build.0 = Debug|Any CPU
		{6266CA6E-618C-265D-D775-9FB7E270614D}.Release|Any CPU.ActiveCfg = Release|Any CPU
		{6266CA6E-618C-265D-D775-9FB7E270614D}.Release|Any CPU.Build.0 = Release|Any CPU
		{726DD5E2-1751-ECD4-EB3C-46F42D160779}.Debug|Any CPU.ActiveCfg = Debug|Any CPU
		{726DD5E2-1751-ECD4-EB3C-46F42D160779}.Debug|Any CPU.Build.0 = Debug|Any CPU
		{726DD5E2-1751-ECD4-EB3C-46F42D160779}.Release|Any CPU.ActiveCfg = Release|Any CPU
		{726DD5E2-1751-ECD4-EB3C-46F42D160779}.Release|Any CPU.Build.0 = Release|Any CPU
		{A1E89EB2-CBAE-A2B4-C126-EB0D39982443}.Debug|Any CPU.ActiveCfg = Debug|Any CPU
		{A1E89EB2-CBAE-A2B4-C126-EB0D39982443}.Debug|Any CPU.Build.0 = Debug|Any CPU
		{A1E89EB2-CBAE-A2B4-C126-EB0D39982443}.Release|Any CPU.ActiveCfg = Release|Any CPU
		{A1E89EB2-CBAE-A2B4-C126-EB0D39982443}.Release|Any CPU.Build.0 = Release|Any CPU
		{AF185DDC-602F-7E6A-CF5F-ACBD3D1A6D93}.Debug|Any CPU.ActiveCfg = Debug|Any CPU
		{AF185DDC-602F-7E6A-CF5F-ACBD3D1A6D93}.Debug|Any CPU.Build.0 = Debug|Any CPU
		{AF185DDC-602F-7E6A-CF5F-ACBD3D1A6D93}.Release|Any CPU.ActiveCfg = Release|Any CPU
		{AF185DDC-602F-7E6A-CF5F-ACBD3D1A6D93}.Release|Any CPU.Build.0 = Release|Any CPU
		{B7D9615E-B37F-63E3-C89D-4DB2F0E59504}.Debug|Any CPU.ActiveCfg = Debug|Any CPU
		{B7D9615E-B37F-63E3-C89D-4DB2F0E59504}.Debug|Any CPU.Build.0 = Debug|Any CPU
		{B7D9615E-B37F-63E3-C89D-4DB2F0E59504}.Release|Any CPU.ActiveCfg = Release|Any CPU
		{B7D9615E-B37F-63E3-C89D-4DB2F0E59504}.Release|Any CPU.Build.0 = Release|Any CPU
		{B6B9C824-10C6-37A1-C3B6-502A2BEED953}.Debug|Any CPU.ActiveCfg = Debug|Any CPU
		{B6B9C824-10C6-37A1-C3B6-502A2BEED953}.Debug|Any CPU.Build.0 = Debug|Any CPU
		{B6B9C824-10C6-37A1-C3B6-502A2BEED953}.Release|Any CPU.ActiveCfg = Release|Any CPU
		{B6B9C824-10C6-37A1-C3B6-502A2BEED953}.Release|Any CPU.Build.0 = Release|Any CPU
		{BD7C00D8-5278-B8ED-6D24-FDE94BC6AB53}.Debug|Any CPU.ActiveCfg = Debug|Any CPU
		{BD7C00D8-5278-B8ED-6D24-FDE94BC6AB53}.Debug|Any CPU.Build.0 = Debug|Any CPU
		{BD7C00D8-5278-B8ED-6D24-FDE94BC6AB53}.Release|Any CPU.ActiveCfg = Release|Any CPU
		{BD7C00D8-5278-B8ED-6D24-FDE94BC6AB53}.Release|Any CPU.Build.0 = Release|Any CPU
		{3B08AC61-ED88-697A-2488-6D4318BE54F5}.Debug|Any CPU.ActiveCfg = Debug|Any CPU
		{3B08AC61-ED88-697A-2488-6D4318BE54F5}.Debug|Any CPU.Build.0 = Debug|Any CPU
		{3B08AC61-ED88-697A-2488-6D4318BE54F5}.Release|Any CPU.ActiveCfg = Release|Any CPU
		{3B08AC61-ED88-697A-2488-6D4318BE54F5}.Release|Any CPU.Build.0 = Release|Any CPU
		{12412C97-0BDE-FFC2-91C3-FEB567580246}.Debug|Any CPU.ActiveCfg = Debug|Any CPU
		{12412C97-0BDE-FFC2-91C3-FEB567580246}.Debug|Any CPU.Build.0 = Debug|Any CPU
		{12412C97-0BDE-FFC2-91C3-FEB567580246}.Release|Any CPU.ActiveCfg = Release|Any CPU
		{12412C97-0BDE-FFC2-91C3-FEB567580246}.Release|Any CPU.Build.0 = Release|Any CPU
		{B60E267A-5896-E333-283A-1A4E49990AE3}.Debug|Any CPU.ActiveCfg = Debug|Any CPU
		{B60E267A-5896-E333-283A-1A4E49990AE3}.Debug|Any CPU.Build.0 = Debug|Any CPU
		{B60E267A-5896-E333-283A-1A4E49990AE3}.Release|Any CPU.ActiveCfg = Release|Any CPU
		{B60E267A-5896-E333-283A-1A4E49990AE3}.Release|Any CPU.Build.0 = Release|Any CPU
		{78D4DE50-FBF8-AA54-D309-DE3668AB05A4}.Debug|Any CPU.ActiveCfg = Debug|Any CPU
		{78D4DE50-FBF8-AA54-D309-DE3668AB05A4}.Debug|Any CPU.Build.0 = Debug|Any CPU
		{78D4DE50-FBF8-AA54-D309-DE3668AB05A4}.Release|Any CPU.ActiveCfg = Release|Any CPU
		{78D4DE50-FBF8-AA54-D309-DE3668AB05A4}.Release|Any CPU.Build.0 = Release|Any CPU
		{5A0E3251-6003-8D0A-BD78-10577BFB74F8}.Debug|Any CPU.ActiveCfg = Debug|Any CPU
		{5A0E3251-6003-8D0A-BD78-10577BFB74F8}.Debug|Any CPU.Build.0 = Debug|Any CPU
		{5A0E3251-6003-8D0A-BD78-10577BFB74F8}.Release|Any CPU.ActiveCfg = Release|Any CPU
		{5A0E3251-6003-8D0A-BD78-10577BFB74F8}.Release|Any CPU.Build.0 = Release|Any CPU
		{96DD04C7-906F-BB4D-38BE-C986D5AFD5A7}.Debug|Any CPU.ActiveCfg = Debug|Any CPU
		{96DD04C7-906F-BB4D-38BE-C986D5AFD5A7}.Debug|Any CPU.Build.0 = Debug|Any CPU
		{96DD04C7-906F-BB4D-38BE-C986D5AFD5A7}.Release|Any CPU.ActiveCfg = Release|Any CPU
		{96DD04C7-906F-BB4D-38BE-C986D5AFD5A7}.Release|Any CPU.Build.0 = Release|Any CPU
		{C5F601CB-52E2-75BC-A9FB-743FAC3C407F}.Debug|Any CPU.ActiveCfg = Debug|Any CPU
		{C5F601CB-52E2-75BC-A9FB-743FAC3C407F}.Debug|Any CPU.Build.0 = Debug|Any CPU
		{C5F601CB-52E2-75BC-A9FB-743FAC3C407F}.Release|Any CPU.ActiveCfg = Release|Any CPU
		{C5F601CB-52E2-75BC-A9FB-743FAC3C407F}.Release|Any CPU.Build.0 = Release|Any CPU
		{58321E7F-E6DE-161D-070E-A306BB883946}.Debug|Any CPU.ActiveCfg = Debug|Any CPU
		{58321E7F-E6DE-161D-070E-A306BB883946}.Debug|Any CPU.Build.0 = Debug|Any CPU
		{58321E7F-E6DE-161D-070E-A306BB883946}.Release|Any CPU.ActiveCfg = Release|Any CPU
		{58321E7F-E6DE-161D-070E-A306BB883946}.Release|Any CPU.Build.0 = Release|Any CPU
		{AC774822-0743-4BA1-CEEA-34DCD933EAE9}.Debug|Any CPU.ActiveCfg = Debug|Any CPU
		{AC774822-0743-4BA1-CEEA-34DCD933EAE9}.Debug|Any CPU.Build.0 = Debug|Any CPU
		{AC774822-0743-4BA1-CEEA-34DCD933EAE9}.Release|Any CPU.ActiveCfg = Release|Any CPU
		{AC774822-0743-4BA1-CEEA-34DCD933EAE9}.Release|Any CPU.Build.0 = Release|Any CPU
		{119F1A2F-8B1C-9F7A-24CE-486866618535}.Debug|Any CPU.ActiveCfg = Debug|Any CPU
		{119F1A2F-8B1C-9F7A-24CE-486866618535}.Debug|Any CPU.Build.0 = Debug|Any CPU
		{119F1A2F-8B1C-9F7A-24CE-486866618535}.Release|Any CPU.ActiveCfg = Release|Any CPU
		{119F1A2F-8B1C-9F7A-24CE-486866618535}.Release|Any CPU.Build.0 = Release|Any CPU
		{75C30257-4830-8816-6E1E-195FC1766538}.Debug|Any CPU.ActiveCfg = Debug|Any CPU
		{75C30257-4830-8816-6E1E-195FC1766538}.Debug|Any CPU.Build.0 = Debug|Any CPU
		{75C30257-4830-8816-6E1E-195FC1766538}.Release|Any CPU.ActiveCfg = Release|Any CPU
		{75C30257-4830-8816-6E1E-195FC1766538}.Release|Any CPU.Build.0 = Release|Any CPU
		{E2CB6B96-8F37-C02C-3D89-0BC65CC9A48F}.Debug|Any CPU.ActiveCfg = Debug|Any CPU
		{E2CB6B96-8F37-C02C-3D89-0BC65CC9A48F}.Debug|Any CPU.Build.0 = Debug|Any CPU
		{E2CB6B96-8F37-C02C-3D89-0BC65CC9A48F}.Release|Any CPU.ActiveCfg = Release|Any CPU
		{E2CB6B96-8F37-C02C-3D89-0BC65CC9A48F}.Release|Any CPU.Build.0 = Release|Any CPU
		{4CA8B8C0-0684-F0FD-37F5-3CAB0357B2F1}.Debug|Any CPU.ActiveCfg = Debug|Any CPU
		{4CA8B8C0-0684-F0FD-37F5-3CAB0357B2F1}.Debug|Any CPU.Build.0 = Debug|Any CPU
		{4CA8B8C0-0684-F0FD-37F5-3CAB0357B2F1}.Release|Any CPU.ActiveCfg = Release|Any CPU
		{4CA8B8C0-0684-F0FD-37F5-3CAB0357B2F1}.Release|Any CPU.Build.0 = Release|Any CPU
		{5932285A-A764-5F3A-376A-E398C0E5B6E8}.Debug|Any CPU.ActiveCfg = Debug|Any CPU
		{5932285A-A764-5F3A-376A-E398C0E5B6E8}.Debug|Any CPU.Build.0 = Debug|Any CPU
		{5932285A-A764-5F3A-376A-E398C0E5B6E8}.Release|Any CPU.ActiveCfg = Release|Any CPU
		{5932285A-A764-5F3A-376A-E398C0E5B6E8}.Release|Any CPU.Build.0 = Release|Any CPU
		{3E23C856-639F-1A88-D53E-A891B94A332F}.Debug|Any CPU.ActiveCfg = Debug|Any CPU
		{3E23C856-639F-1A88-D53E-A891B94A332F}.Debug|Any CPU.Build.0 = Debug|Any CPU
		{3E23C856-639F-1A88-D53E-A891B94A332F}.Release|Any CPU.ActiveCfg = Release|Any CPU
		{3E23C856-639F-1A88-D53E-A891B94A332F}.Release|Any CPU.Build.0 = Release|Any CPU
		{BF9FB854-07B9-F2D2-2BD0-8BD52A51941E}.Debug|Any CPU.ActiveCfg = Debug|Any CPU
		{BF9FB854-07B9-F2D2-2BD0-8BD52A51941E}.Debug|Any CPU.Build.0 = Debug|Any CPU
		{BF9FB854-07B9-F2D2-2BD0-8BD52A51941E}.Release|Any CPU.ActiveCfg = Release|Any CPU
		{BF9FB854-07B9-F2D2-2BD0-8BD52A51941E}.Release|Any CPU.Build.0 = Release|Any CPU
		{5363B867-68C0-DD21-471C-90A2864B921C}.Debug|Any CPU.ActiveCfg = Debug|Any CPU
		{5363B867-68C0-DD21-471C-90A2864B921C}.Debug|Any CPU.Build.0 = Debug|Any CPU
		{5363B867-68C0-DD21-471C-90A2864B921C}.Release|Any CPU.ActiveCfg = Release|Any CPU
		{5363B867-68C0-DD21-471C-90A2864B921C}.Release|Any CPU.Build.0 = Release|Any CPU
		{81B9D989-2BE0-A7F6-B602-5DD2BBA706C9}.Debug|Any CPU.ActiveCfg = Debug|Any CPU
		{81B9D989-2BE0-A7F6-B602-5DD2BBA706C9}.Debug|Any CPU.Build.0 = Debug|Any CPU
		{81B9D989-2BE0-A7F6-B602-5DD2BBA706C9}.Release|Any CPU.ActiveCfg = Release|Any CPU
		{81B9D989-2BE0-A7F6-B602-5DD2BBA706C9}.Release|Any CPU.Build.0 = Release|Any CPU
		{D19C6A9E-7FDE-5365-E965-53A0E96BD085}.Debug|Any CPU.ActiveCfg = Debug|Any CPU
		{D19C6A9E-7FDE-5365-E965-53A0E96BD085}.Debug|Any CPU.Build.0 = Debug|Any CPU
		{D19C6A9E-7FDE-5365-E965-53A0E96BD085}.Release|Any CPU.ActiveCfg = Release|Any CPU
		{D19C6A9E-7FDE-5365-E965-53A0E96BD085}.Release|Any CPU.Build.0 = Release|Any CPU
	EndGlobalSection
	GlobalSection(SolutionProperties) = preSolution
		HideSolutionNode = FALSE
	EndGlobalSection
EndGlobal
